
Microsoft Visual Studio Solution File, Format Version 12.00
# Visual Studio 15
Project("{FAE04EC0-301F-11D3-BF4B-00C04F79EFBC}") = "TestSFBackdrop.Android", "TestSFBackdrop.Android\TestSFBackdrop.Android.csproj", "{75AC38EC-ED22-4BBD-9291-AEC2557CAE3C}"
EndProject
Project("{FAE04EC0-301F-11D3-BF4B-00C04F79EFBC}") = "TestSFBackdrop.iOS", "TestSFBackdrop.iOS\TestSFBackdrop.iOS.csproj", "{94138427-1768-41F7-A2DB-1381F601681B}"
EndProject
Project("{FAE04EC0-301F-11D3-BF4B-00C04F79EFBC}") = "TestSFBackdrop", "TestSFBackdrop\TestSFBackdrop.csproj", "{F584113E-51CC-4473-82C8-8177BB4FA201}"
EndProject
Global
	GlobalSection(SolutionConfigurationPlatforms) = preSolution
		Debug|Any CPU = Debug|Any CPU
		Release|Any CPU = Release|Any CPU
		Debug|iPhoneSimulator = Debug|iPhoneSimulator
		Release|iPhoneSimulator = Release|iPhoneSimulator
		Debug|iPhone = Debug|iPhone
		Release|iPhone = Release|iPhone
	EndGlobalSection
	GlobalSection(ProjectConfigurationPlatforms) = postSolution
		{75AC38EC-ED22-4BBD-9291-AEC2557CAE3C}.Debug|Any CPU.ActiveCfg = Debug|Any CPU
		{75AC38EC-ED22-4BBD-9291-AEC2557CAE3C}.Debug|Any CPU.Build.0 = Debug|Any CPU
		{75AC38EC-ED22-4BBD-9291-AEC2557CAE3C}.Release|Any CPU.ActiveCfg = Release|Any CPU
		{75AC38EC-ED22-4BBD-9291-AEC2557CAE3C}.Release|Any CPU.Build.0 = Release|Any CPU
		{75AC38EC-ED22-4BBD-9291-AEC2557CAE3C}.Debug|iPhoneSimulator.ActiveCfg = Debug|Any CPU
		{75AC38EC-ED22-4BBD-9291-AEC2557CAE3C}.Debug|iPhoneSimulator.Build.0 = Debug|Any CPU
		{75AC38EC-ED22-4BBD-9291-AEC2557CAE3C}.Release|iPhoneSimulator.ActiveCfg = Release|Any CPU
		{75AC38EC-ED22-4BBD-9291-AEC2557CAE3C}.Release|iPhoneSimulator.Build.0 = Release|Any CPU
		{75AC38EC-ED22-4BBD-9291-AEC2557CAE3C}.Debug|iPhone.ActiveCfg = Debug|Any CPU
		{75AC38EC-ED22-4BBD-9291-AEC2557CAE3C}.Debug|iPhone.Build.0 = Debug|Any CPU
		{75AC38EC-ED22-4BBD-9291-AEC2557CAE3C}.Release|iPhone.ActiveCfg = Release|Any CPU
		{75AC38EC-ED22-4BBD-9291-AEC2557CAE3C}.Release|iPhone.Build.0 = Release|Any CPU
		{94138427-1768-41F7-A2DB-1381F601681B}.Debug|Any CPU.ActiveCfg = Debug|iPhoneSimulator
		{94138427-1768-41F7-A2DB-1381F601681B}.Debug|Any CPU.Build.0 = Debug|iPhoneSimulator
		{94138427-1768-41F7-A2DB-1381F601681B}.Release|Any CPU.ActiveCfg = Release|iPhoneSimulator
		{94138427-1768-41F7-A2DB-1381F601681B}.Release|Any CPU.Build.0 = Release|iPhoneSimulator
		{94138427-1768-41F7-A2DB-1381F601681B}.Debug|iPhoneSimulator.ActiveCfg = Debug|iPhoneSimulator
		{94138427-1768-41F7-A2DB-1381F601681B}.Debug|iPhoneSimulator.Build.0 = Debug|iPhoneSimulator
		{94138427-1768-41F7-A2DB-1381F601681B}.Release|iPhoneSimulator.ActiveCfg = Release|iPhoneSimulator
		{94138427-1768-41F7-A2DB-1381F601681B}.Release|iPhoneSimulator.Build.0 = Release|iPhoneSimulator
		{94138427-1768-41F7-A2DB-1381F601681B}.Debug|iPhone.ActiveCfg = Debug|iPhone
		{94138427-1768-41F7-A2DB-1381F601681B}.Debug|iPhone.Build.0 = Debug|iPhone
		{94138427-1768-41F7-A2DB-1381F601681B}.Release|iPhone.ActiveCfg = Release|iPhone
		{94138427-1768-41F7-A2DB-1381F601681B}.Release|iPhone.Build.0 = Release|iPhone
		{F584113E-51CC-4473-82C8-8177BB4FA201}.Debug|Any CPU.ActiveCfg = Debug|Any CPU
		{F584113E-51CC-4473-82C8-8177BB4FA201}.Debug|Any CPU.Build.0 = Debug|Any CPU
		{F584113E-51CC-4473-82C8-8177BB4FA201}.Release|Any CPU.ActiveCfg = Release|Any CPU
		{F584113E-51CC-4473-82C8-8177BB4FA201}.Release|Any CPU.Build.0 = Release|Any CPU
		{F584113E-51CC-4473-82C8-8177BB4FA201}.Debug|iPhoneSimulator.ActiveCfg = Debug|Any CPU
		{F584113E-51CC-4473-82C8-8177BB4FA201}.Debug|iPhoneSimulator.Build.0 = Debug|Any CPU
		{F584113E-51CC-4473-82C8-8177BB4FA201}.Release|iPhoneSimulator.ActiveCfg = Release|Any CPU
		{F584113E-51CC-4473-82C8-8177BB4FA201}.Release|iPhoneSimulator.Build.0 = Release|Any CPU
		{F584113E-51CC-4473-82C8-8177BB4FA201}.Debug|iPhone.ActiveCfg = Debug|Any CPU
		{F584113E-51CC-4473-82C8-8177BB4FA201}.Debug|iPhone.Build.0 = Debug|Any CPU
		{F584113E-51CC-4473-82C8-8177BB4FA201}.Release|iPhone.ActiveCfg = Release|Any CPU
		{F584113E-51CC-4473-82C8-8177BB4FA201}.Release|iPhone.Build.0 = Release|Any CPU
	EndGlobalSection
EndGlobal
